[[package]]
category = "main"
description = "PycURL -- A Python Interface To The cURL library"
name = "pycurl"
optional = false
python-versions = "*"
version = "7.43.0.5"

[metadata]
content-hash = "8c93d9ed7b1fdb6dd9cb063bef41941a98c3125f6d74c1de6845e893a3582073"
lock-version = "1.0"
python-versions = "^3.8"

[metadata.files]
pycurl = [
    {file = "pycurl-7.43.0.5-cp35-cp35m-win32.whl", hash = "sha256:beadfa7f052626864d70eb33cec8f2aeece12dfb483c2424cc07b057f83b7d35"},
    {file = "pycurl-7.43.0.5-cp35-cp35m-win_amd64.whl", hash = "sha256:7cc13d3421cbd31921d77e22d1f57c0e1a8d0fb461938a587689a93162ccef2f"},
    {file = "pycurl-7.43.0.5-cp36-cp36m-win32.whl", hash = "sha256:50aee0469511a9708a1f1a50d510b5ec2013fc6f5e720c32bbcb3b9c7b0f45b1"},
    {file = "pycurl-7.43.0.5-cp36-cp36m-win_amd64.whl", hash = "sha256:a0c62dbc66b9b947832307d6cf7bdb5e4da906ce7b3efe6f74292e8f3dc5abe3"},
    {file = "pycurl-7.43.0.5-cp37-cp37m-win32.whl", hash = "sha256:a6966e8d9ccda31c6d077c4f8673aaa88141cc73d50e110e93e627b816d17fd1"},
    {file = "pycurl-7.43.0.5-cp37-cp37m-win_amd64.whl", hash = "sha256:c5c379c8cc777dda397f86f0d0049480250ae84a82a9d99d668f461d368fb39c"},
    {file = "pycurl-7.43.0.5-cp38-cp38-win32.whl", hash = "sha256:667db26516e50ce4a853745906f3b149c24756d85061b9d966eb7ec43a8c48a4"},
    {file = "pycurl-7.43.0.5-cp38-cp38-win_amd64.whl", hash = "sha256:1957c867e2a341f5526c107c7bbc5014d6e75fdc2a14294fcb8a47663fbd2e15"},
    {file = "pycurl-7.43.0.5.tar.gz", hash = "sha256:ec7dd291545842295b7b56c12c90ffad2976cc7070c98d7b1517b7b6cd5994b3"},
    {file = "pycurl-7.43.0.5.win-amd64-py3.5.exe", hash = "sha256:404862665c4e2dbe814c9495d1193a65ae0f291a7074ae1ef1f0bffd93c14ea6"},
    {file = "pycurl-7.43.0.5.win-amd64-py3.6.exe", hash = "sha256:b651f47c61c051ea93299b0e7a341860d33bfe2cf524237be0fb56399f026d98"},
    {file = "pycurl-7.43.0.5.win-amd64-py3.7.exe", hash = "sha256:789a76e9265cdb7c947ec0afde2330492ccc0f2cee8e3ca8c0822082b6ae213e"},
    {file = "pycurl-7.43.0.5.win-amd64-py3.8.exe", hash = "sha256:daa017e8dc887129e4a2cd88b7be8c431e434b89737348eaa12096026020756a"},
    {file = "pycurl-7.43.0.5.win32-py3.5.exe", hash = "sha256:b393aa90abf07ddd51d750c0c6a801155af07f938af6ec8b89ea00ff3f892887"},
    {file = "pycurl-7.43.0.5.win32-py3.6.exe", hash = "sha256:e1aea68b1d39dbcafc7298214f51f6ebd5f188c06aa418e9c046dfe419fe7ecf"},
    {file = "pycurl-7.43.0.5.win32-py3.7.exe", hash = "sha256:b58e4d7888edd74dce40b9481962f0537dc77a44d99b5cc3385c3ffdaf2abf93"},
    {file = "pycurl-7.43.0.5.win32-py3.8.exe", hash = "sha256:b6512b864466b242ffc3997e982d4590e035d056d37e63136fa137a4044ce2f1"},
]
